{
  "name": "backend",
  "version": "1.0.0",
  "lockfileVersion": 1,
  "requires": true,
  "dependencies": {
    "lodash.foreach": {
      "version": "4.5.0",
      "resolved": "https://registry.npmjs.org/lodash.foreach/-/lodash.foreach-4.5.0.tgz",
      "integrity": "sha1-Gmo16s5AEoDH8G3d7DUWWrJ+PlM="
    },
    "lodash.get": {
      "version": "4.4.2",
      "resolved": "https://registry.npmjs.org/lodash.get/-/lodash.get-4.4.2.tgz",
      "integrity": "sha1-LRd/ZS+jHpObRDjVNBSZ36OCXpk="
    },
    "mongoose-unique-validator": {
      "version": "2.0.0",
      "resolved": "https://registry.npmjs.org/mongoose-unique-validator/-/mongoose-unique-validator-2.0.0.tgz",
      "integrity": "sha512-oBIFoBQW0n1Pusjabpv5g/JMqOF2QOqZHFTRFLuKrAQx9UeuXchqSR72BdoW0S3gSxFJ/oMSi9YAOLBD0xJtOA==",
      "requires": {
        "lodash.foreach": "4.5.0",
        "lodash.get": "4.4.2"
      }
    }
  }
}
